{
  "name": "yt-tags",
  "lockfileVersion": 3,
  "requires": true,
  "packages": {
    "": {
      "devDependencies": {
        "@types/chrome": "^0.0.263",
        "bun": "^1.1.0"
      }
    },
    "node_modules/@oven/bun-darwin-aarch64": {
      "version": "1.1.0",
      "resolved": "https://registry.npmjs.org/@oven/bun-darwin-aarch64/-/bun-darwin-aarch64-1.1.0.tgz",
      "integrity": "sha512-8hDDBdQVHfFJ1KHXeHIB78SFs7rYG1Ff4n8SDv006ENc3uEIqynFVbHCKbqa5aE7zLkdBizoBzL50W76zAPmCQ==",
      "cpu": [
        "arm64"
      ],
      "dev": true,
      "optional": true,
      "os": [
        "darwin"
      ]
    },
    "node_modules/@oven/bun-darwin-x64": {
      "version": "1.1.0",
      "resolved": "https://registry.npmjs.org/@oven/bun-darwin-x64/-/bun-darwin-x64-1.1.0.tgz",
      "integrity": "sha512-KNEtlnEok6LB9ZNMe2aSxRVO8ps22hn4qTTjJc/s0josPNlIk4PvV2xusbUEGQS4XSNGcEH/Gh7VYE/W3u1gjg==",
      "cpu": [
        "x64"
      ],
      "dev": true,
      "optional": true,
      "os": [
        "darwin"
      ]
    },
    "node_modules/@oven/bun-darwin-x64-baseline": {
      "version": "1.1.0",
      "resolved": "https://registry.npmjs.org/@oven/bun-darwin-x64-baseline/-/bun-darwin-x64-baseline-1.1.0.tgz",
      "integrity": "sha512-61rkVhpzU3PfoXRLrIpgKzLys4Qk9bvCI5DVM5cZgVxGq62jR+FwldCVcCoyfMdblGg07x3aUY9BXMwtSxvN0A==",
      "cpu": [
        "x64"
      ],
      "dev": true,
      "optional": true,
      "os": [
        "darwin"
      ]
    },
    "node_modules/@oven/bun-linux-aarch64": {
      "version": "1.1.0",
      "resolved": "https://registry.npmjs.org/@oven/bun-linux-aarch64/-/bun-linux-aarch64-1.1.0.tgz",
      "integrity": "sha512-UZhZU2mkC+OnbDB/Lq8MTJWiwhDMrnZvcW99cc+fymU5w/bOvpSuFOhpC/IeI1Dp8WGlkjDGyottSr++juWXOw==",
      "cpu": [
        "arm64"
      ],
      "dev": true,
      "optional": true,
      "os": [
        "linux"
      ]
    },
    "node_modules/@oven/bun-linux-x64": {
      "version": "1.1.0",
      "resolved": "https://registry.npmjs.org/@oven/bun-linux-x64/-/bun-linux-x64-1.1.0.tgz",
      "integrity": "sha512-o2D9LGXyJqHTQ5tTF4GSctL20ZFw0EGwrhhCLPM4cGzHrhji3EP9euz28aREM+iYUqAWC6BOGz77up5yeMbBQw==",
      "cpu": [
        "x64"
      ],
      "dev": true,
      "optional": true,
      "os": [
        "linux"
      ]
    },
    "node_modules/@oven/bun-linux-x64-baseline": {
      "version": "1.1.0",
      "resolved": "https://registry.npmjs.org/@oven/bun-linux-x64-baseline/-/bun-linux-x64-baseline-1.1.0.tgz",
      "integrity": "sha512-eAxK+x5dEzoVGR0f4FiiLYgtzHu8xB8uWB+Uc9h/6C46vODlOPsBT2Pwv6y5uPAX+dyKGHeMQsP+r2OFBkbkTA==",
      "cpu": [
        "x64"
      ],
      "dev": true,
      "optional": true,
      "os": [
        "linux"
      ]
    },
    "node_modules/@oven/bun-windows-x64": {
      "version": "1.1.0",
      "resolved": "https://registry.npmjs.org/@oven/bun-windows-x64/-/bun-windows-x64-1.1.0.tgz",
      "integrity": "sha512-SStu+4Zq0S/nfwaSz9QcBnk9CYjlSckzkzChoFt+vdIXfiaCT+uq0I57OXifRb67uOVtXl6N3PqmCivJPTh/kw==",
      "cpu": [
        "x64"
      ],
      "dev": true,
      "optional": true,
      "os": [
        "win32"
      ]
    },
    "node_modules/@oven/bun-windows-x64-baseline": {
      "version": "1.1.0",
      "resolved": "https://registry.npmjs.org/@oven/bun-windows-x64-baseline/-/bun-windows-x64-baseline-1.1.0.tgz",
      "integrity": "sha512-PqQToENBnHkzdcUnkCYI86397oNvs8Z7PZT8iyQEMSr/oYTMNCSArgrpFSEG6seN5HBPkSyhbj0fuU3U5oOhtQ==",
      "cpu": [
        "x64"
      ],
      "dev": true,
      "optional": true,
      "os": [
        "win32"
      ]
    },
    "node_modules/@types/chrome": {
      "version": "0.0.263",
      "resolved": "https://registry.npmjs.org/@types/chrome/-/chrome-0.0.263.tgz",
      "integrity": "sha512-As0vzv99ov3M6ZR7R6VzhMWFZXkPMrFrCEXXVrMN576Cm70fTkj7Df2CF+qEo170JepX50pd11cX6O4DSAtl2Q==",
      "dev": true,
      "dependencies": {
        "@types/filesystem": "*",
        "@types/har-format": "*"
      }
    },
    "node_modules/@types/filesystem": {
      "version": "0.0.36",
      "resolved": "https://registry.npmjs.org/@types/filesystem/-/filesystem-0.0.36.tgz",
      "integrity": "sha512-vPDXOZuannb9FZdxgHnqSwAG/jvdGM8Wq+6N4D/d80z+D4HWH+bItqsZaVRQykAn6WEVeEkLm2oQigyHtgb0RA==",
      "dev": true,
      "dependencies": {
        "@types/filewriter": "*"
      }
    },
    "node_modules/@types/filewriter": {
      "version": "0.0.33",
      "resolved": "https://registry.npmjs.org/@types/filewriter/-/filewriter-0.0.33.tgz",
      "integrity": "sha512-xFU8ZXTw4gd358lb2jw25nxY9QAgqn2+bKKjKOYfNCzN4DKCFetK7sPtrlpg66Ywe3vWY9FNxprZawAh9wfJ3g==",
      "dev": true
    },
    "node_modules/@types/har-format": {
      "version": "1.2.15",
      "resolved": "https://registry.npmjs.org/@types/har-format/-/har-format-1.2.15.tgz",
      "integrity": "sha512-RpQH4rXLuvTXKR0zqHq3go0RVXYv/YVqv4TnPH95VbwUxZdQlK1EtcMvQvMpDngHbt13Csh9Z4qT9AbkiQH5BA==",
      "dev": true
    },
    "node_modules/bun": {
      "version": "1.1.0",
      "resolved": "https://registry.npmjs.org/bun/-/bun-1.1.0.tgz",
      "integrity": "sha512-vEfq5NXOWriLzVtA/gMC69MR/W48KE0G7SarZUbu7H89KH9u7FFozTvn8noyLKqpI1sRa2qu/laE21K+htFxCQ==",
      "cpu": [
        "arm64",
        "x64"
      ],
      "dev": true,
      "hasInstallScript": true,
      "os": [
        "darwin",
        "linux",
        "win32"
      ],
      "bin": {
        "bun": "bin/bun",
        "bunx": "bin/bun"
      },
      "optionalDependencies": {
        "@oven/bun-darwin-aarch64": "1.1.0",
        "@oven/bun-darwin-x64": "1.1.0",
        "@oven/bun-darwin-x64-baseline": "1.1.0",
        "@oven/bun-linux-aarch64": "1.1.0",
        "@oven/bun-linux-x64": "1.1.0",
        "@oven/bun-linux-x64-baseline": "1.1.0",
        "@oven/bun-windows-x64": "1.1.0",
        "@oven/bun-windows-x64-baseline": "1.1.0"
      }
    }
  }
}
